
Microsoft Visual Studio Solution File, Format Version 12.00
# Visual Studio 2012
Project("{8BC9CEB8-8B4A-11D0-8D11-00A0C91BC942}") = "ObjectDatabase", "ObjectDatabase.vcxproj", "{5F2B4946-0CD5-491A-99FD-B8BDA09E17B4}"
EndProject
Project("{8BC9CEB8-8B4A-11D0-8D11-00A0C91BC942}") = "JupiterLib", "..\JupiterLib\JupiterLib.vcxproj", "{628D204A-0A7A-4F2A-A887-9FC32A22F9B4}"
EndProject
Project("{8BC9CEB8-8B4A-11D0-8D11-00A0C91BC942}") = "Socket", "..\Socket\Socket.vcxproj", "{A9039D92-B069-4A80-AC63-6E65287ABF41}"
EndProject
Project("{8BC9CEB8-8B4A-11D0-8D11-00A0C91BC942}") = "bencode", "..\bencode\bencode.vcxproj", "{F4BD7AEA-EDC3-496B-9BCF-2BF776574BE4}"
EndProject
Global
	GlobalSection(SolutionConfigurationPlatforms) = preSolution
		Debug|Win32 = Debug|Win32
		Release|Win32 = Release|Win32
	EndGlobalSection
	GlobalSection(ProjectConfigurationPlatforms) = postSolution
		{5F2B4946-0CD5-491A-99FD-B8BDA09E17B4}.Debug|Win32.ActiveCfg = Debug|Win32
		{5F2B4946-0CD5-491A-99FD-B8BDA09E17B4}.Debug|Win32.Build.0 = Debug|Win32
		{5F2B4946-0CD5-491A-99FD-B8BDA09E17B4}.Release|Win32.ActiveCfg = Release|Win32
		{5F2B4946-0CD5-491A-99FD-B8BDA09E17B4}.Release|Win32.Build.0 = Release|Win32
		{628D204A-0A7A-4F2A-A887-9FC32A22F9B4}.Debug|Win32.ActiveCfg = Debug|Win32
		{628D204A-0A7A-4F2A-A887-9FC32A22F9B4}.Debug|Win32.Build.0 = Debug|Win32
		{628D204A-0A7A-4F2A-A887-9FC32A22F9B4}.Release|Win32.ActiveCfg = Release|Win32
		{628D204A-0A7A-4F2A-A887-9FC32A22F9B4}.Release|Win32.Build.0 = Release|Win32
		{A9039D92-B069-4A80-AC63-6E65287ABF41}.Debug|Win32.ActiveCfg = Debug|Win32
		{A9039D92-B069-4A80-AC63-6E65287ABF41}.Debug|Win32.Build.0 = Debug|Win32
		{A9039D92-B069-4A80-AC63-6E65287ABF41}.Release|Win32.ActiveCfg = Release|Win32
		{A9039D92-B069-4A80-AC63-6E65287ABF41}.Release|Win32.Build.0 = Release|Win32
		{F4BD7AEA-EDC3-496B-9BCF-2BF776574BE4}.Debug|Win32.ActiveCfg = Debug|Win32
		{F4BD7AEA-EDC3-496B-9BCF-2BF776574BE4}.Debug|Win32.Build.0 = Debug|Win32
		{F4BD7AEA-EDC3-496B-9BCF-2BF776574BE4}.Release|Win32.ActiveCfg = Release|Win32
		{F4BD7AEA-EDC3-496B-9BCF-2BF776574BE4}.Release|Win32.Build.0 = Release|Win32
	EndGlobalSection
	GlobalSection(SolutionProperties) = preSolution
		HideSolutionNode = FALSE
	EndGlobalSection
EndGlobal
