Microsoft Visual Studio Solution File, Format Version 8.00
Project("{8BC9CEB8-8B4A-11D0-8D11-00A0C91BC942}") = "kill", "kill.vcproj", "{A39733BE-DD61-4555-A622-F80CE87137DC}"
	ProjectSection(ProjectDependencies) = postProject
	EndProjectSection
EndProject
Global
	GlobalSection(SourceCodeControl) = preSolution
		SccNumberOfProjects = 2
		SccProjectName0 = \u0022$/Source/c++/KILL\u0022,\u0020CQCAAAAA
		SccLocalPath0 = .
		SccProvider0 = MSSCCI:Microsoft\u0020Visual\u0020SourceSafe
		CanCheckoutShared = false
		SolutionUniqueID = {B5E436E4-62F4-40FE-AA7C-E4DF5D9922AE}
		SccProjectUniqueName1 = kill.vcproj
		SccLocalPath1 = .
		CanCheckoutShared = false
	EndGlobalSection
	GlobalSection(SolutionConfiguration) = preSolution
		Debug = Debug
		Release = Release
	EndGlobalSection
	GlobalSection(ProjectConfiguration) = postSolution
		{A39733BE-DD61-4555-A622-F80CE87137DC}.Debug.ActiveCfg = Debug|Win32
		{A39733BE-DD61-4555-A622-F80CE87137DC}.Debug.Build.0 = Debug|Win32
		{A39733BE-DD61-4555-A622-F80CE87137DC}.Release.ActiveCfg = Release|Win32
		{A39733BE-DD61-4555-A622-F80CE87137DC}.Release.Build.0 = Release|Win32
	EndGlobalSection
	GlobalSection(ExtensibilityGlobals) = postSolution
	EndGlobalSection
	GlobalSection(ExtensibilityAddIns) = postSolution
	EndGlobalSection
EndGlobal
