
Microsoft Visual Studio Solution File, Format Version 9.00
# Visual Studio 2005
Project("{8BC9CEB8-8B4A-11D0-8D11-00A0C91BC942}") = "ODBManager", "ODBManager.vcproj", "{06C496F5-5804-4F51-9DDF-2AEC7DF9D7DE}"
EndProject
Global
	GlobalSection(SourceCodeControl) = preSolution
		SccNumberOfProjects = 2
		SccLocalPath0 = .
		SccProjectUniqueName1 = ODBManager.vcproj
		SccLocalPath1 = .
	EndGlobalSection
	GlobalSection(SolutionConfigurationPlatforms) = preSolution
		Debug|Win32 = Debug|Win32
		Release|Win32 = Release|Win32
	EndGlobalSection
	GlobalSection(ProjectConfigurationPlatforms) = postSolution
		{06C496F5-5804-4F51-9DDF-2AEC7DF9D7DE}.Debug|Win32.ActiveCfg = Debug|Win32
		{06C496F5-5804-4F51-9DDF-2AEC7DF9D7DE}.Debug|Win32.Build.0 = Debug|Win32
		{06C496F5-5804-4F51-9DDF-2AEC7DF9D7DE}.Release|Win32.ActiveCfg = Release|Win32
		{06C496F5-5804-4F51-9DDF-2AEC7DF9D7DE}.Release|Win32.Build.0 = Release|Win32
	EndGlobalSection
	GlobalSection(SolutionProperties) = preSolution
		HideSolutionNode = FALSE
	EndGlobalSection
EndGlobal
