
Microsoft Visual Studio Solution File, Format Version 10.00
# Visual Studio 2008
Project("{8BC9CEB8-8B4A-11D0-8D11-00A0C91BC942}") = "mwrt", "mwrt.vcproj", "{EDDB89CC-AD69-4F02-9877-AD713CF3C535}"
EndProject
Global
	GlobalSection(SolutionConfigurationPlatforms) = preSolution
		Debug|Win32 = Debug|Win32
		Release|Win32 = Release|Win32
	EndGlobalSection
	GlobalSection(ProjectConfigurationPlatforms) = postSolution
		{EDDB89CC-AD69-4F02-9877-AD713CF3C535}.Debug|Win32.ActiveCfg = Debug|Win32
		{EDDB89CC-AD69-4F02-9877-AD713CF3C535}.Debug|Win32.Build.0 = Debug|Win32
		{EDDB89CC-AD69-4F02-9877-AD713CF3C535}.Release|Win32.ActiveCfg = Release|Win32
		{EDDB89CC-AD69-4F02-9877-AD713CF3C535}.Release|Win32.Build.0 = Release|Win32
	EndGlobalSection
	GlobalSection(SolutionProperties) = preSolution
		HideSolutionNode = FALSE
	EndGlobalSection
EndGlobal
