Microsoft Visual Studio Solution File, Format Version 8.00
Project("{F184B08F-C81C-45F6-A57F-5ABD9991F28F}") = "first", "first\first.vbproj", "{E55B8CD1-A749-4449-8EDC-815715D5C099}"
	ProjectSection(ProjectDependencies) = postProject
	EndProjectSection
EndProject
Global
	GlobalSection(SolutionConfiguration) = preSolution
		Debug = Debug
		Release = Release
	EndGlobalSection
	GlobalSection(ProjectConfiguration) = postSolution
		{E55B8CD1-A749-4449-8EDC-815715D5C099}.Debug.ActiveCfg = Debug|.NET
		{E55B8CD1-A749-4449-8EDC-815715D5C099}.Debug.Build.0 = Debug|.NET
		{E55B8CD1-A749-4449-8EDC-815715D5C099}.Release.ActiveCfg = Release|.NET
		{E55B8CD1-A749-4449-8EDC-815715D5C099}.Release.Build.0 = Release|.NET
	EndGlobalSection
	GlobalSection(ExtensibilityGlobals) = postSolution
	EndGlobalSection
	GlobalSection(ExtensibilityAddIns) = postSolution
	EndGlobalSection
EndGlobal
