
Microsoft Visual Studio Solution File, Format Version 12.00
# Visual Studio 2012
Project("{8BC9CEB8-8B4A-11D0-8D11-00A0C91BC942}") = "erf", "erf.vcxproj", "{167DDC25-E3A3-4CD0-8D84-53F7210AF4AD}"
EndProject
Global
	GlobalSection(SolutionConfigurationPlatforms) = preSolution
		Debug|Win32 = Debug|Win32
		Release|Win32 = Release|Win32
	EndGlobalSection
	GlobalSection(ProjectConfigurationPlatforms) = postSolution
		{167DDC25-E3A3-4CD0-8D84-53F7210AF4AD}.Debug|Win32.ActiveCfg = Debug|Win32
		{167DDC25-E3A3-4CD0-8D84-53F7210AF4AD}.Debug|Win32.Build.0 = Debug|Win32
		{167DDC25-E3A3-4CD0-8D84-53F7210AF4AD}.Release|Win32.ActiveCfg = Release|Win32
		{167DDC25-E3A3-4CD0-8D84-53F7210AF4AD}.Release|Win32.Build.0 = Release|Win32
	EndGlobalSection
	GlobalSection(SolutionProperties) = preSolution
		HideSolutionNode = FALSE
	EndGlobalSection
EndGlobal
