Microsoft Visual Studio Solution File, Format Version 8.00
Project("{8BC9CEB8-8B4A-11D0-8D11-00A0C91BC942}") = "sockhost", "sockhost.vcproj", "{2CB915F8-0CA5-42EC-9D4F-D5A5874AB1CD}"
	ProjectSection(ProjectDependencies) = postProject
	EndProjectSection
EndProject
Global
	GlobalSection(SourceCodeControl) = preSolution
		SccNumberOfProjects = 2
		SccProjectName0 = \u0022$/Source/c++/TCP/sockhost\u0022,\u0020EBDAAAAA
		SccLocalPath0 = .
		SccProvider0 = MSSCCI:Microsoft\u0020Visual\u0020SourceSafe
		CanCheckoutShared = false
		SolutionUniqueID = {820954FA-5B26-419E-8B14-651259BE540B}
		SccProjectUniqueName1 = sockhost.vcproj
		SccLocalPath1 = .
		CanCheckoutShared = false
	EndGlobalSection
	GlobalSection(SolutionConfiguration) = preSolution
		Debug = Debug
		Release = Release
	EndGlobalSection
	GlobalSection(ProjectConfiguration) = postSolution
		{2CB915F8-0CA5-42EC-9D4F-D5A5874AB1CD}.Debug.ActiveCfg = Debug|Win32
		{2CB915F8-0CA5-42EC-9D4F-D5A5874AB1CD}.Debug.Build.0 = Debug|Win32
		{2CB915F8-0CA5-42EC-9D4F-D5A5874AB1CD}.Release.ActiveCfg = Release|Win32
		{2CB915F8-0CA5-42EC-9D4F-D5A5874AB1CD}.Release.Build.0 = Release|Win32
	EndGlobalSection
	GlobalSection(ExtensibilityGlobals) = postSolution
	EndGlobalSection
	GlobalSection(ExtensibilityAddIns) = postSolution
	EndGlobalSection
EndGlobal
