<?xml version="1.0" encoding="utf-8"?>
<Project ToolsVersion="4.0" xmlns="http://schemas.microsoft.com/developer/msbuild/2003">
  <ItemGroup>
    <Filter Include="Source Files">
      <UniqueIdentifier>{1448a62e-2377-4b51-b476-cc3e14fe2179}</UniqueIdentifier>
      <Extensions>cpp;c;cxx;rc;def;r;odl;hpj;bat;for;f90</Extensions>
    </Filter>
    <Filter Include="Header Files">
      <UniqueIdentifier>{63b546fa-6f31-4d70-999d-1d1a28514e66}</UniqueIdentifier>
      <Extensions>h;hpp;hxx;hm;inl;fi;fd</Extensions>
    </Filter>
    <Filter Include="Resource Files">
      <UniqueIdentifier>{41cd0be7-a0f0-4359-bc29-9347b8339a2b}</UniqueIdentifier>
      <Extensions>ico;cur;bmp;dlg;rc2;rct;bin;cnt;rtf;gif;jpg;jpeg;jpe</Extensions>
    </Filter>
  </ItemGroup>
  <ItemGroup>
    <ClCompile Include="CPageThree.cpp">
      <Filter>Source Files</Filter>
    </ClCompile>
    <ClCompile Include="CPageTwo.cpp">
      <Filter>Source Files</Filter>
    </ClCompile>
    <ClCompile Include="CStartPage.cpp">
      <Filter>Source Files</Filter>
    </ClCompile>
    <ClCompile Include="CWizard.cpp">
      <Filter>Source Files</Filter>
    </ClCompile>
    <ClCompile Include="RegWizard.cpp">
      <Filter>Source Files</Filter>
    </ClCompile>
  </ItemGroup>
  <ItemGroup>
    <ResourceCompile Include="RegWizard.rc">
      <Filter>Source Files</Filter>
    </ResourceCompile>
  </ItemGroup>
  <ItemGroup>
    <ClInclude Include="CPageThree.h">
      <Filter>Header Files</Filter>
    </ClInclude>
    <ClInclude Include="CPageTwo.h">
      <Filter>Header Files</Filter>
    </ClInclude>
    <ClInclude Include="CStartPage.h">
      <Filter>Header Files</Filter>
    </ClInclude>
    <ClInclude Include="cwizard.h">
      <Filter>Header Files</Filter>
    </ClInclude>
    <ClInclude Include="regwizard.h">
      <Filter>Header Files</Filter>
    </ClInclude>
    <ClInclude Include="stdafx.h">
      <Filter>Header Files</Filter>
    </ClInclude>
  </ItemGroup>
  <ItemGroup>
    <None Include="HOMER.bmp">
      <Filter>Resource Files</Filter>
    </None>
    <None Include="main.ico">
      <Filter>Resource Files</Filter>
    </None>
  </ItemGroup>
</Project>