Microsoft Visual Studio Solution File, Format Version 8.00
Project("{8BC9CEB8-8B4A-11D0-8D11-00A0C91BC942}") = "ecalc", "ecalc.vcproj", "{B43FE88B-EE0D-4B59-8E70-D59CA78EEAE1}"
	ProjectSection(ProjectDependencies) = postProject
	EndProjectSection
EndProject
Global
	GlobalSection(SourceCodeControl) = preSolution
		SccNumberOfProjects = 2
		SccProjectName0 = \u0022$/Source/c++/ECALC\u0022,\u0020OICAAAAA
		SccLocalPath0 = .
		SccProvider0 = MSSCCI:Microsoft\u0020Visual\u0020SourceSafe
		CanCheckoutShared = false
		SolutionUniqueID = {C502CD10-4A04-4A36-AF78-CB94B092F4BF}
		SccProjectUniqueName1 = ecalc.vcproj
		SccLocalPath1 = .
		CanCheckoutShared = false
	EndGlobalSection
	GlobalSection(SolutionConfiguration) = preSolution
		Debug = Debug
		Release = Release
	EndGlobalSection
	GlobalSection(ProjectConfiguration) = postSolution
		{B43FE88B-EE0D-4B59-8E70-D59CA78EEAE1}.Debug.ActiveCfg = Debug|Win32
		{B43FE88B-EE0D-4B59-8E70-D59CA78EEAE1}.Debug.Build.0 = Debug|Win32
		{B43FE88B-EE0D-4B59-8E70-D59CA78EEAE1}.Release.ActiveCfg = Release|Win32
		{B43FE88B-EE0D-4B59-8E70-D59CA78EEAE1}.Release.Build.0 = Release|Win32
	EndGlobalSection
	GlobalSection(ExtensibilityGlobals) = postSolution
	EndGlobalSection
	GlobalSection(ExtensibilityAddIns) = postSolution
	EndGlobalSection
EndGlobal
