
Microsoft Visual Studio Solution File, Format Version 9.00
# Visual Studio 2005
Project("{8BC9CEB8-8B4A-11D0-8D11-00A0C91BC942}") = "search", "search.vcproj", "{6449B0A9-3A57-466A-B527-9B606B51310D}"
	ProjectSection(ProjectDependencies) = postProject
		{628D204A-0A7A-4F2A-A887-9FC32A22F9B4} = {628D204A-0A7A-4F2A-A887-9FC32A22F9B4}
	EndProjectSection
EndProject
Project("{8BC9CEB8-8B4A-11D0-8D11-00A0C91BC942}") = "JupiterLib", "..\JupiterLib\JupiterLib.vcproj", "{628D204A-0A7A-4F2A-A887-9FC32A22F9B4}"
EndProject
Global
	GlobalSection(SourceCodeControl) = preSolution
		SccNumberOfProjects = 3
		SccProjectUniqueName0 = ..\\JupiterLib\\JupiterLib.vcproj
		SccProjectName0 = \u0022$/source/c++/JupiterLib\u0022,\u0020YCFAAAAA
		SccLocalPath0 = ..\\JupiterLib
		SccLocalPath1 = .
		SccProjectUniqueName2 = search.vcproj
		SccLocalPath2 = .
	EndGlobalSection
	GlobalSection(SolutionConfigurationPlatforms) = preSolution
		Debug|Win32 = Debug|Win32
		Release|Win32 = Release|Win32
	EndGlobalSection
	GlobalSection(ProjectConfigurationPlatforms) = postSolution
		{6449B0A9-3A57-466A-B527-9B606B51310D}.Debug|Win32.ActiveCfg = Debug|Win32
		{6449B0A9-3A57-466A-B527-9B606B51310D}.Debug|Win32.Build.0 = Debug|Win32
		{6449B0A9-3A57-466A-B527-9B606B51310D}.Release|Win32.ActiveCfg = Release|Win32
		{6449B0A9-3A57-466A-B527-9B606B51310D}.Release|Win32.Build.0 = Release|Win32
		{628D204A-0A7A-4F2A-A887-9FC32A22F9B4}.Debug|Win32.ActiveCfg = Debug|Win32
		{628D204A-0A7A-4F2A-A887-9FC32A22F9B4}.Debug|Win32.Build.0 = Debug|Win32
		{628D204A-0A7A-4F2A-A887-9FC32A22F9B4}.Release|Win32.ActiveCfg = Release|Win32
		{628D204A-0A7A-4F2A-A887-9FC32A22F9B4}.Release|Win32.Build.0 = Release|Win32
	EndGlobalSection
	GlobalSection(SolutionProperties) = preSolution
		HideSolutionNode = FALSE
	EndGlobalSection
EndGlobal
