<?xml version="1.0" encoding="utf-8"?>
<Project ToolsVersion="4.0" xmlns="http://schemas.microsoft.com/developer/msbuild/2003">
  <ItemGroup>
    <Filter Include="Source Files">
      <UniqueIdentifier>{2b09f2da-b18b-4797-929c-ab378732cd99}</UniqueIdentifier>
      <Extensions>cpp;c;cxx;rc;def;r;odl;hpj;bat;for;f90</Extensions>
    </Filter>
    <Filter Include="Header Files">
      <UniqueIdentifier>{60ea8b94-30a3-4946-aa11-ad101cc78eda}</UniqueIdentifier>
      <Extensions>h;hpp;hxx;hm;inl;fi;fd</Extensions>
    </Filter>
    <Filter Include="Resource Files">
      <UniqueIdentifier>{79e1f595-399a-4466-8333-570c7d5edbc0}</UniqueIdentifier>
      <Extensions>ico;cur;bmp;dlg;rc2;rct;bin;cnt;rtf;gif;jpg;jpeg;jpe</Extensions>
    </Filter>
  </ItemGroup>
  <ItemGroup>
    <None Include="bm.def">
      <Filter>Source Files</Filter>
    </None>
  </ItemGroup>
  <ItemGroup>
    <ResourceCompile Include="bm.rc">
      <Filter>Source Files</Filter>
    </ResourceCompile>
  </ItemGroup>
  <ItemGroup>
    <ClCompile Include="bmexp.c">
      <Filter>Source Files</Filter>
    </ClCompile>
    <ClCompile Include="bmloc.c">
      <Filter>Source Files</Filter>
    </ClCompile>
    <ClCompile Include="bmmain.c">
      <Filter>Source Files</Filter>
    </ClCompile>
  </ItemGroup>
  <ItemGroup>
    <ClInclude Include="bmexp.h">
      <Filter>Header Files</Filter>
    </ClInclude>
    <ClInclude Include="bmloc.h">
      <Filter>Header Files</Filter>
    </ClInclude>
    <ClInclude Include="bmmain.h">
      <Filter>Header Files</Filter>
    </ClInclude>
  </ItemGroup>
  <ItemGroup>
    <Image Include="mainicon.ico">
      <Filter>Resource Files</Filter>
    </Image>
  </ItemGroup>
</Project>