
Microsoft Visual Studio Solution File, Format Version 12.00
# Visual Studio 2012
Project("{8BC9CEB8-8B4A-11D0-8D11-00A0C91BC942}") = "petool", "petool.vcxproj", "{31295F77-38CA-41BC-8044-C1178284C239}"
EndProject
Project("{8BC9CEB8-8B4A-11D0-8D11-00A0C91BC942}") = "PlutoLib", "..\PlutoLib\PlutoLib.vcxproj", "{56B24974-C9B5-464D-A52F-CE8DE25F67C5}"
EndProject
Global
	GlobalSection(SolutionConfigurationPlatforms) = preSolution
		Debug|Win32 = Debug|Win32
		Release|Win32 = Release|Win32
	EndGlobalSection
	GlobalSection(ProjectConfigurationPlatforms) = postSolution
		{31295F77-38CA-41BC-8044-C1178284C239}.Debug|Win32.ActiveCfg = Debug|Win32
		{31295F77-38CA-41BC-8044-C1178284C239}.Debug|Win32.Build.0 = Debug|Win32
		{31295F77-38CA-41BC-8044-C1178284C239}.Release|Win32.ActiveCfg = Release|Win32
		{31295F77-38CA-41BC-8044-C1178284C239}.Release|Win32.Build.0 = Release|Win32
		{56B24974-C9B5-464D-A52F-CE8DE25F67C5}.Debug|Win32.ActiveCfg = Debug|Win32
		{56B24974-C9B5-464D-A52F-CE8DE25F67C5}.Debug|Win32.Build.0 = Debug|Win32
		{56B24974-C9B5-464D-A52F-CE8DE25F67C5}.Release|Win32.ActiveCfg = Release|Win32
		{56B24974-C9B5-464D-A52F-CE8DE25F67C5}.Release|Win32.Build.0 = Release|Win32
	EndGlobalSection
	GlobalSection(SolutionProperties) = preSolution
		HideSolutionNode = FALSE
	EndGlobalSection
EndGlobal
