<?xml version="1.0" encoding="utf-8"?>
<Project ToolsVersion="4.0" xmlns="http://schemas.microsoft.com/developer/msbuild/2003">
  <ItemGroup>
    <ClCompile Include="libfile.cpp">
      <Filter>Source Files</Filter>
    </ClCompile>
    <ClCompile Include="objfile.cpp">
      <Filter>Source Files</Filter>
    </ClCompile>
    <ClCompile Include="pecommon.cpp">
      <Filter>Source Files</Filter>
    </ClCompile>
    <ClCompile Include="SymbolTable.cpp">
      <Filter>Source Files</Filter>
    </ClCompile>
    <ClCompile Include="stdafx.cpp">
      <Filter>Source Files</Filter>
    </ClCompile>
    <ClCompile Include="petool.cpp">
      <Filter>Source Files</Filter>
    </ClCompile>
    <ClCompile Include="pefile.cpp">
      <Filter>Source Files</Filter>
    </ClCompile>
  </ItemGroup>
  <ItemGroup>
    <ClInclude Include="targetver.h">
      <Filter>Header Files</Filter>
    </ClInclude>
    <ClInclude Include="libfile.h">
      <Filter>Header Files</Filter>
    </ClInclude>
    <ClInclude Include="objfile.h">
      <Filter>Header Files</Filter>
    </ClInclude>
    <ClInclude Include="pecommon.h">
      <Filter>Header Files</Filter>
    </ClInclude>
    <ClInclude Include="stdafx.h">
      <Filter>Header Files</Filter>
    </ClInclude>
    <ClInclude Include="SymbolTable.h">
      <Filter>Header Files</Filter>
    </ClInclude>
    <ClInclude Include="pefile.h">
      <Filter>Header Files</Filter>
    </ClInclude>
  </ItemGroup>
  <ItemGroup>
    <Filter Include="Source Files">
      <UniqueIdentifier>{9c57dac4-c7bd-4c09-9c65-bc21bd38c288}</UniqueIdentifier>
      <Extensions>*.cpp</Extensions>
    </Filter>
    <Filter Include="Header Files">
      <UniqueIdentifier>{edfe323b-8e16-4283-94a4-da57c760d4a7}</UniqueIdentifier>
      <Extensions>*.h</Extensions>
    </Filter>
  </ItemGroup>
</Project>