Microsoft Visual Studio Solution File, Format Version 10.00
# Visual Studio 2008
Project("{8BC9CEB8-8B4A-11D0-8D11-00A0C91BC942}") = "Winpente", "Winpente.vcproj", "{69BABEFE-541C-4BED-8764-A043CA6034FF}"
EndProject
Project("{8BC9CEB8-8B4A-11D0-8D11-00A0C91BC942}") = "Think", "think\Think.vcproj", "{255CFC89-7A98-45F2-9C95-EB0FEC70B649}"
EndProject
Project("{8BC9CEB8-8B4A-11D0-8D11-00A0C91BC942}") = "ResDLL", "ResDLL\ResDLL.vcproj", "{11047940-A62F-4803-B614-101669CB7E70}"
EndProject
Global
	GlobalSection(SolutionConfigurationPlatforms) = preSolution
		Debug|Win32 = Debug|Win32
		Release|Win32 = Release|Win32
	EndGlobalSection
	GlobalSection(ProjectConfigurationPlatforms) = postSolution
		{69BABEFE-541C-4BED-8764-A043CA6034FF}.Debug|Win32.ActiveCfg = Debug|Win32
		{69BABEFE-541C-4BED-8764-A043CA6034FF}.Debug|Win32.Build.0 = Debug|Win32
		{69BABEFE-541C-4BED-8764-A043CA6034FF}.Release|Win32.ActiveCfg = Release|Win32
		{69BABEFE-541C-4BED-8764-A043CA6034FF}.Release|Win32.Build.0 = Release|Win32
		{255CFC89-7A98-45F2-9C95-EB0FEC70B649}.Debug|Win32.ActiveCfg = Debug|Win32
		{255CFC89-7A98-45F2-9C95-EB0FEC70B649}.Debug|Win32.Build.0 = Debug|Win32
		{255CFC89-7A98-45F2-9C95-EB0FEC70B649}.Release|Win32.ActiveCfg = Release|Win32
		{255CFC89-7A98-45F2-9C95-EB0FEC70B649}.Release|Win32.Build.0 = Release|Win32
		{11047940-A62F-4803-B614-101669CB7E70}.Debug|Win32.ActiveCfg = Debug|Win32
		{11047940-A62F-4803-B614-101669CB7E70}.Debug|Win32.Build.0 = Debug|Win32
		{11047940-A62F-4803-B614-101669CB7E70}.Release|Win32.ActiveCfg = Release|Win32
		{11047940-A62F-4803-B614-101669CB7E70}.Release|Win32.Build.0 = Release|Win32
	EndGlobalSection
	GlobalSection(SolutionProperties) = preSolution
		HideSolutionNode = FALSE
	EndGlobalSection
EndGlobal
