Microsoft Visual Studio Solution File, Format Version 11.00
# Visual Studio 2010
Project("{8BC9CEB8-8B4A-11D0-8D11-00A0C91BC942}") = "Winpente", "Winpente.vcxproj", "{EDAAF6B1-EB62-1E1A-603A-609A798773BD}"
EndProject
Project("{8BC9CEB8-8B4A-11D0-8D11-00A0C91BC942}") = "Think", "think\Think.vcxproj", "{DFF8A9B2-DC58-E6B1-38C7-953F67A488B4}"
EndProject
Project("{8BC9CEB8-8B4A-11D0-8D11-00A0C91BC942}") = "ResDLL", "ResDLL\ResDLL.vcxproj", "{4B64A4F0-D840-8DB4-0965-2BD7598FDCE9}"
EndProject
Global
	GlobalSection(SolutionConfigurationPlatforms) = preSolution
		Debug|Win32 = Debug|Win32
		Release|Win32 = Release|Win32
	EndGlobalSection
	GlobalSection(ProjectConfigurationPlatforms) = postSolution
		{EDAAF6B1-EB62-1E1A-603A-609A798773BD}.Debug|Win32.ActiveCfg = Debug|Win32
		{EDAAF6B1-EB62-1E1A-603A-609A798773BD}.Debug|Win32.Build.0 = Debug|Win32
		{EDAAF6B1-EB62-1E1A-603A-609A798773BD}.Release|Win32.ActiveCfg = Release|Win32
		{EDAAF6B1-EB62-1E1A-603A-609A798773BD}.Release|Win32.Build.0 = Release|Win32
		{DFF8A9B2-DC58-E6B1-38C7-953F67A488B4}.Debug|Win32.ActiveCfg = Debug|Win32
		{DFF8A9B2-DC58-E6B1-38C7-953F67A488B4}.Debug|Win32.Build.0 = Debug|Win32
		{DFF8A9B2-DC58-E6B1-38C7-953F67A488B4}.Release|Win32.ActiveCfg = Release|Win32
		{DFF8A9B2-DC58-E6B1-38C7-953F67A488B4}.Release|Win32.Build.0 = Release|Win32
		{4B64A4F0-D840-8DB4-0965-2BD7598FDCE9}.Debug|Win32.ActiveCfg = Debug|Win32
		{4B64A4F0-D840-8DB4-0965-2BD7598FDCE9}.Debug|Win32.Build.0 = Debug|Win32
		{4B64A4F0-D840-8DB4-0965-2BD7598FDCE9}.Release|Win32.ActiveCfg = Release|Win32
		{4B64A4F0-D840-8DB4-0965-2BD7598FDCE9}.Release|Win32.Build.0 = Release|Win32
	EndGlobalSection
	GlobalSection(SolutionProperties) = preSolution
		HideSolutionNode = FALSE
	EndGlobalSection
EndGlobal
