<?xml version="1.0" encoding="utf-8"?>
<Project ToolsVersion="4.0" xmlns="http://schemas.microsoft.com/developer/msbuild/2003">
  <ItemGroup>
    <Filter Include="Source Files">
      <UniqueIdentifier>{196dacff-e436-4c68-a4c8-91afe7a5566d}</UniqueIdentifier>
      <Extensions>cpp;c;cxx;rc;def;r;odl;idl;hpj;bat</Extensions>
    </Filter>
    <Filter Include="Header Files">
      <UniqueIdentifier>{a13dd01c-8ddc-46c7-a59d-4183d6f28ffb}</UniqueIdentifier>
      <Extensions>h;hpp;hxx;hm;inl</Extensions>
    </Filter>
    <Filter Include="Resource Files">
      <UniqueIdentifier>{646fb9e8-7309-4c1b-ad61-e994fe129b47}</UniqueIdentifier>
      <Extensions>ico;cur;bmp;dlg;rc2;rct;bin;rgs;gif;jpg;jpeg;jpe</Extensions>
    </Filter>
  </ItemGroup>
  <ItemGroup>
    <ClCompile Include="6502.cpp">
      <Filter>Source Files</Filter>
    </ClCompile>
    <ClCompile Include="disassem.cpp">
      <Filter>Source Files</Filter>
    </ClCompile>
    <ClCompile Include="DisassemFrame.cpp">
      <Filter>Source Files</Filter>
    </ClCompile>
    <ClCompile Include="DisassemView.cpp">
      <Filter>Source Files</Filter>
    </ClCompile>
    <ClCompile Include="emu6502.cpp">
      <Filter>Source Files</Filter>
    </ClCompile>
    <ClCompile Include="emu6502Doc.cpp">
      <Filter>Source Files</Filter>
    </ClCompile>
    <ClCompile Include="emu6502View.cpp">
      <Filter>Source Files</Filter>
    </ClCompile>
    <ClCompile Include="font.cpp">
      <Filter>Source Files</Filter>
    </ClCompile>
    <ClCompile Include="labelcontrol.cpp">
      <Filter>Source Files</Filter>
    </ClCompile>
    <ClCompile Include="MainFrm.cpp">
      <Filter>Source Files</Filter>
    </ClCompile>
    <ClCompile Include="memory.cpp">
      <Filter>Source Files</Filter>
    </ClCompile>
    <ClCompile Include="MemoryFrame.cpp">
      <Filter>Source Files</Filter>
    </ClCompile>
    <ClCompile Include="MemoryView.cpp">
      <Filter>Source Files</Filter>
    </ClCompile>
    <ClCompile Include="MultirowView.cpp">
      <Filter>Source Files</Filter>
    </ClCompile>
    <ClCompile Include="picture.cpp">
      <Filter>Source Files</Filter>
    </ClCompile>
    <ClCompile Include="RegisterDlg.cpp">
      <Filter>Source Files</Filter>
    </ClCompile>
    <ClCompile Include="StackFrame.cpp">
      <Filter>Source Files</Filter>
    </ClCompile>
    <ClCompile Include="StackView.cpp">
      <Filter>Source Files</Filter>
    </ClCompile>
    <ClCompile Include="StdAfx.cpp">
      <Filter>Source Files</Filter>
    </ClCompile>
  </ItemGroup>
  <ItemGroup>
    <ResourceCompile Include="emu6502.rc">
      <Filter>Source Files</Filter>
    </ResourceCompile>
  </ItemGroup>
  <ItemGroup>
    <ClInclude Include="6502.h">
      <Filter>Header Files</Filter>
    </ClInclude>
    <ClInclude Include="disassem.h">
      <Filter>Header Files</Filter>
    </ClInclude>
    <ClInclude Include="DisassemFrame.h">
      <Filter>Header Files</Filter>
    </ClInclude>
    <ClInclude Include="DisassemView.h">
      <Filter>Header Files</Filter>
    </ClInclude>
    <ClInclude Include="emu6502.h">
      <Filter>Header Files</Filter>
    </ClInclude>
    <ClInclude Include="emu6502Doc.h">
      <Filter>Header Files</Filter>
    </ClInclude>
    <ClInclude Include="emu6502View.h">
      <Filter>Header Files</Filter>
    </ClInclude>
    <ClInclude Include="font.h">
      <Filter>Header Files</Filter>
    </ClInclude>
    <ClInclude Include="labelcontrol.h">
      <Filter>Header Files</Filter>
    </ClInclude>
    <ClInclude Include="MainFrm.h">
      <Filter>Header Files</Filter>
    </ClInclude>
    <ClInclude Include="memory.h">
      <Filter>Header Files</Filter>
    </ClInclude>
    <ClInclude Include="MemoryFrame.h">
      <Filter>Header Files</Filter>
    </ClInclude>
    <ClInclude Include="MemoryView.h">
      <Filter>Header Files</Filter>
    </ClInclude>
    <ClInclude Include="MultirowView.h">
      <Filter>Header Files</Filter>
    </ClInclude>
    <ClInclude Include="picture.h">
      <Filter>Header Files</Filter>
    </ClInclude>
    <ClInclude Include="RegisterDlg.h">
      <Filter>Header Files</Filter>
    </ClInclude>
    <ClInclude Include="Resource.h">
      <Filter>Header Files</Filter>
    </ClInclude>
    <ClInclude Include="StackFrame.h">
      <Filter>Header Files</Filter>
    </ClInclude>
    <ClInclude Include="StackView.h">
      <Filter>Header Files</Filter>
    </ClInclude>
    <ClInclude Include="StdAfx.h">
      <Filter>Header Files</Filter>
    </ClInclude>
  </ItemGroup>
  <ItemGroup>
    <Image Include="res\6502.bmp">
      <Filter>Resource Files</Filter>
    </Image>
    <Image Include="res\emu6502.ico">
      <Filter>Resource Files</Filter>
    </Image>
    <Image Include="res\emu65022.ico">
      <Filter>Resource Files</Filter>
    </Image>
    <Image Include="res\emu65023.ico">
      <Filter>Resource Files</Filter>
    </Image>
    <Image Include="res\Toolbar.bmp">
      <Filter>Resource Files</Filter>
    </Image>
  </ItemGroup>
  <ItemGroup>
    <None Include="res\emu6502.rc2">
      <Filter>Resource Files</Filter>
    </None>
  </ItemGroup>
</Project>