Microsoft Visual Studio Solution File, Format Version 10.00
# Visual Studio 2008
Project("{8BC9CEB8-8B4A-11D0-8D11-00A0C91BC942}") = "File", "File.vcproj", "{8D0B0C60-7C5D-4343-BADF-8CED73F5693F}"
EndProject
Global
	GlobalSection(SolutionConfigurationPlatforms) = preSolution
		Debug|Win32 = Debug|Win32
		Release|Win32 = Release|Win32
	EndGlobalSection
	GlobalSection(ProjectConfigurationPlatforms) = postSolution
		{8D0B0C60-7C5D-4343-BADF-8CED73F5693F}.Debug|Win32.ActiveCfg = Debug|Win32
		{8D0B0C60-7C5D-4343-BADF-8CED73F5693F}.Debug|Win32.Build.0 = Debug|Win32
		{8D0B0C60-7C5D-4343-BADF-8CED73F5693F}.Release|Win32.ActiveCfg = Release|Win32
		{8D0B0C60-7C5D-4343-BADF-8CED73F5693F}.Release|Win32.Build.0 = Release|Win32
	EndGlobalSection
	GlobalSection(SolutionProperties) = preSolution
		HideSolutionNode = FALSE
	EndGlobalSection
EndGlobal
