<?xml version="1.0" encoding="utf-8"?>
<Project ToolsVersion="4.0" xmlns="http://schemas.microsoft.com/developer/msbuild/2003">
  <ItemGroup>
    <Filter Include="Source Files">
      <UniqueIdentifier>{4FC737F1-C7A5-4376-A066-2A32D752A2FF}</UniqueIdentifier>
      <Extensions>cpp;c;cc;cxx;def;odl;idl;hpj;bat;asm;asmx</Extensions>
    </Filter>
    <Filter Include="Header Files">
      <UniqueIdentifier>{93995380-89BD-4b04-88EB-625FBE52EBFB}</UniqueIdentifier>
      <Extensions>h;hpp;hxx;hm;inl;inc;xsd</Extensions>
    </Filter>
    <Filter Include="Perl Files">
      <UniqueIdentifier>{6179ab16-0279-4eb0-9c15-1f1f1ece1bc3}</UniqueIdentifier>
    </Filter>
  </ItemGroup>
  <ItemGroup>
    <ClCompile Include="common.cpp">
      <Filter>Source Files</Filter>
    </ClCompile>
    <ClCompile Include="Instructions.cpp">
      <Filter>Source Files</Filter>
    </ClCompile>
    <ClCompile Include="Opinfo.cpp">
      <Filter>Source Files</Filter>
    </ClCompile>
    <ClCompile Include="PxDisassembler.cpp">
      <Filter>Source Files</Filter>
    </ClCompile>
    <ClCompile Include="Util.cpp">
      <Filter>Source Files</Filter>
    </ClCompile>
  </ItemGroup>
  <ItemGroup>
    <ClInclude Include="Common.h">
      <Filter>Header Files</Filter>
    </ClInclude>
    <ClInclude Include="Exception.h">
      <Filter>Header Files</Filter>
    </ClInclude>
    <ClInclude Include="Instructions.h">
      <Filter>Header Files</Filter>
    </ClInclude>
    <ClInclude Include="Modes.h">
      <Filter>Header Files</Filter>
    </ClInclude>
    <ClInclude Include="Opcodes.h">
      <Filter>Header Files</Filter>
    </ClInclude>
    <ClInclude Include="Opinfo.h">
      <Filter>Header Files</Filter>
    </ClInclude>
    <ClInclude Include="PixieVM.h">
      <Filter>Header Files</Filter>
    </ClInclude>
    <ClInclude Include="PxDisassembler.h">
      <Filter>Header Files</Filter>
    </ClInclude>
    <ClInclude Include="random.h">
      <Filter>Header Files</Filter>
    </ClInclude>
    <ClInclude Include="Util.h">
      <Filter>Header Files</Filter>
    </ClInclude>
  </ItemGroup>
  <ItemGroup>
    <None Include="PixieVM.pm">
      <Filter>Perl Files</Filter>
    </None>
  </ItemGroup>
  <ItemGroup>
    <CustomBuild Include="makecpu.pl">
      <Filter>Perl Files</Filter>
    </CustomBuild>
  </ItemGroup>
</Project>