
Microsoft Visual Studio Solution File, Format Version 12.00
# Visual Studio 2012
Project("{8BC9CEB8-8B4A-11D0-8D11-00A0C91BC942}") = "ebtree", "ebtree.vcxproj", "{AFC52C9F-9407-4E81-8073-59000A9EABDA}"
EndProject
Project("{8BC9CEB8-8B4A-11D0-8D11-00A0C91BC942}") = "JupiterLib", "..\JupiterLib\JupiterLib.vcxproj", "{628D204A-0A7A-4F2A-A887-9FC32A22F9B4}"
EndProject
Global
	GlobalSection(SolutionConfigurationPlatforms) = preSolution
		Debug|Win32 = Debug|Win32
		Release|Win32 = Release|Win32
	EndGlobalSection
	GlobalSection(ProjectConfigurationPlatforms) = postSolution
		{AFC52C9F-9407-4E81-8073-59000A9EABDA}.Debug|Win32.ActiveCfg = Debug|Win32
		{AFC52C9F-9407-4E81-8073-59000A9EABDA}.Debug|Win32.Build.0 = Debug|Win32
		{AFC52C9F-9407-4E81-8073-59000A9EABDA}.Release|Win32.ActiveCfg = Release|Win32
		{AFC52C9F-9407-4E81-8073-59000A9EABDA}.Release|Win32.Build.0 = Release|Win32
		{628D204A-0A7A-4F2A-A887-9FC32A22F9B4}.Debug|Win32.ActiveCfg = Debug|Win32
		{628D204A-0A7A-4F2A-A887-9FC32A22F9B4}.Debug|Win32.Build.0 = Debug|Win32
		{628D204A-0A7A-4F2A-A887-9FC32A22F9B4}.Release|Win32.ActiveCfg = Release|Win32
		{628D204A-0A7A-4F2A-A887-9FC32A22F9B4}.Release|Win32.Build.0 = Release|Win32
	EndGlobalSection
	GlobalSection(SolutionProperties) = preSolution
		HideSolutionNode = FALSE
	EndGlobalSection
EndGlobal
