Microsoft Visual Studio Solution File, Format Version 10.00
# Visual Studio 2008
Project("{8BC9CEB8-8B4A-11D0-8D11-00A0C91BC942}") = "DialogTest", "DialogTest.vcproj", "{2F1F0D54-B7C8-453D-BF1D-AFEA37B98F11}"
EndProject
Global
	GlobalSection(SolutionConfigurationPlatforms) = preSolution
		Debug|Win32 = Debug|Win32
		Release|Win32 = Release|Win32
	EndGlobalSection
	GlobalSection(ProjectConfigurationPlatforms) = postSolution
		{2F1F0D54-B7C8-453D-BF1D-AFEA37B98F11}.Debug|Win32.ActiveCfg = Debug|Win32
		{2F1F0D54-B7C8-453D-BF1D-AFEA37B98F11}.Debug|Win32.Build.0 = Debug|Win32
		{2F1F0D54-B7C8-453D-BF1D-AFEA37B98F11}.Release|Win32.ActiveCfg = Release|Win32
		{2F1F0D54-B7C8-453D-BF1D-AFEA37B98F11}.Release|Win32.Build.0 = Release|Win32
	EndGlobalSection
	GlobalSection(SolutionProperties) = preSolution
		HideSolutionNode = FALSE
	EndGlobalSection
EndGlobal
