Microsoft Visual Studio Solution File, Format Version 10.00
# Visual Studio 2008
Project("{8BC9CEB8-8B4A-11D0-8D11-00A0C91BC942}") = "gff", "gff.vcproj", "{620B1D8E-C578-457E-9ECE-355B3D319797}"
EndProject
Global
	GlobalSection(SolutionConfigurationPlatforms) = preSolution
		Debug|Win32 = Debug|Win32
		Release|Win32 = Release|Win32
	EndGlobalSection
	GlobalSection(ProjectConfigurationPlatforms) = postSolution
		{620B1D8E-C578-457E-9ECE-355B3D319797}.Debug|Win32.ActiveCfg = Debug|Win32
		{620B1D8E-C578-457E-9ECE-355B3D319797}.Debug|Win32.Build.0 = Debug|Win32
		{620B1D8E-C578-457E-9ECE-355B3D319797}.Release|Win32.ActiveCfg = Release|Win32
		{620B1D8E-C578-457E-9ECE-355B3D319797}.Release|Win32.Build.0 = Release|Win32
	EndGlobalSection
	GlobalSection(SolutionProperties) = preSolution
		HideSolutionNode = FALSE
	EndGlobalSection
EndGlobal
