Microsoft Visual Studio Solution File, Format Version 8.00
Project("{8BC9CEB8-8B4A-11D0-8D11-00A0C91BC942}") = "fetch", "fetch.vcproj", "{81584A6F-D437-461C-97E6-0A35C53CE3F2}"
	ProjectSection(ProjectDependencies) = postProject
	EndProjectSection
EndProject
Global
	GlobalSection(SourceCodeControl) = preSolution
		SccNumberOfProjects = 2
		SccProjectName0 = \u0022$/Source/c++/FETCH\u0022,\u0020FLCAAAAA
		SccLocalPath0 = .
		SccProvider0 = MSSCCI:Microsoft\u0020Visual\u0020SourceSafe
		CanCheckoutShared = false
		SolutionUniqueID = {BFBBAEF8-9A4B-4564-9089-0B0C09AAFEAA}
		SccProjectUniqueName1 = fetch.vcproj
		SccLocalPath1 = .
		CanCheckoutShared = false
	EndGlobalSection
	GlobalSection(SolutionConfiguration) = preSolution
		Debug = Debug
		Release = Release
	EndGlobalSection
	GlobalSection(ProjectConfiguration) = postSolution
		{81584A6F-D437-461C-97E6-0A35C53CE3F2}.Debug.ActiveCfg = Debug|Win32
		{81584A6F-D437-461C-97E6-0A35C53CE3F2}.Debug.Build.0 = Debug|Win32
		{81584A6F-D437-461C-97E6-0A35C53CE3F2}.Release.ActiveCfg = Release|Win32
		{81584A6F-D437-461C-97E6-0A35C53CE3F2}.Release.Build.0 = Release|Win32
	EndGlobalSection
	GlobalSection(ExtensibilityGlobals) = postSolution
	EndGlobalSection
	GlobalSection(ExtensibilityAddIns) = postSolution
	EndGlobalSection
EndGlobal
