Microsoft Visual Studio Solution File, Format Version 8.00
Project("{8BC9CEB8-8B4A-11D0-8D11-00A0C91BC942}") = "pente", "pente.vcproj", "{2D6E7937-4E6F-496B-8843-3692D0846AF4}"
	ProjectSection(ProjectDependencies) = postProject
	EndProjectSection
EndProject
Global
	GlobalSection(SourceCodeControl) = preSolution
		SccNumberOfProjects = 2
		SccProjectName0 = \u0022$/Source/c++/PENTE\u0022,\u0020OVCAAAAA
		SccLocalPath0 = .
		SccProvider0 = MSSCCI:Microsoft\u0020Visual\u0020SourceSafe
		CanCheckoutShared = false
		SolutionUniqueID = {12BDFA96-C6B5-4696-A742-2CA1FB2F4C32}
		SccProjectUniqueName1 = pente.vcproj
		SccLocalPath1 = .
		CanCheckoutShared = false
	EndGlobalSection
	GlobalSection(SolutionConfiguration) = preSolution
		Debug = Debug
		DebugLogging = DebugLogging
		Release = Release
		ReleaseLogging = ReleaseLogging
	EndGlobalSection
	GlobalSection(ProjectConfiguration) = postSolution
		{2D6E7937-4E6F-496B-8843-3692D0846AF4}.Debug.ActiveCfg = Debug|Win32
		{2D6E7937-4E6F-496B-8843-3692D0846AF4}.Debug.Build.0 = Debug|Win32
		{2D6E7937-4E6F-496B-8843-3692D0846AF4}.DebugLogging.ActiveCfg = DebugLogging|Win32
		{2D6E7937-4E6F-496B-8843-3692D0846AF4}.DebugLogging.Build.0 = DebugLogging|Win32
		{2D6E7937-4E6F-496B-8843-3692D0846AF4}.Release.ActiveCfg = Release|Win32
		{2D6E7937-4E6F-496B-8843-3692D0846AF4}.Release.Build.0 = Release|Win32
		{2D6E7937-4E6F-496B-8843-3692D0846AF4}.ReleaseLogging.ActiveCfg = ReleaseLogging|Win32
		{2D6E7937-4E6F-496B-8843-3692D0846AF4}.ReleaseLogging.Build.0 = ReleaseLogging|Win32
	EndGlobalSection
	GlobalSection(ExtensibilityGlobals) = postSolution
	EndGlobalSection
	GlobalSection(ExtensibilityAddIns) = postSolution
	EndGlobalSection
EndGlobal
