<?xml version="1.0" encoding="utf-8"?>
<Project ToolsVersion="4.0" xmlns="http://schemas.microsoft.com/developer/msbuild/2003">
  <ItemGroup>
    <Filter Include="Source Files">
      <UniqueIdentifier>{229a3c0e-5cab-4785-bb59-772dee34d19f}</UniqueIdentifier>
      <Extensions>cpp;c;cxx;rc;def;r;odl;idl;hpj;bat</Extensions>
    </Filter>
    <Filter Include="Header Files">
      <UniqueIdentifier>{a7e80f7b-9297-449d-8260-d520e12b184b}</UniqueIdentifier>
      <Extensions>h;hpp;hxx;hm;inl</Extensions>
    </Filter>
    <Filter Include="Resource Files">
      <UniqueIdentifier>{370764ab-7ee6-4809-b7f7-e2befdee8fab}</UniqueIdentifier>
      <Extensions>ico;cur;bmp;dlg;rc2;rct;bin;rgs;gif;jpg;jpeg;jpe</Extensions>
    </Filter>
  </ItemGroup>
  <ItemGroup>
    <ClCompile Include="CaptureBitmap.cpp">
      <Filter>Source Files</Filter>
    </ClCompile>
    <ClCompile Include="ColorButton.cpp">
      <Filter>Source Files</Filter>
    </ClCompile>
    <ClCompile Include="ColorChooserDlg.cpp">
      <Filter>Source Files</Filter>
    </ClCompile>
    <ClCompile Include="ColorChooserWnd.cpp">
      <Filter>Source Files</Filter>
    </ClCompile>
    <ClCompile Include="ColorsPage.cpp">
      <Filter>Source Files</Filter>
    </ClCompile>
    <ClCompile Include="computer.cpp">
      <Filter>Source Files</Filter>
    </ClCompile>
    <ClCompile Include="game.cpp">
      <Filter>Source Files</Filter>
    </ClCompile>
    <ClCompile Include="globals.cpp">
      <Filter>Source Files</Filter>
    </ClCompile>
    <ClCompile Include="gripbar.cpp">
      <Filter>Source Files</Filter>
    </ClCompile>
    <ClCompile Include="MainFrm.cpp">
      <Filter>Source Files</Filter>
    </ClCompile>
    <ClCompile Include="OptionsPage.cpp">
      <Filter>Source Files</Filter>
    </ClCompile>
    <ClCompile Include="Palette256.cpp">
      <Filter>Source Files</Filter>
    </ClCompile>
    <ClCompile Include="pente.cpp">
      <Filter>Source Files</Filter>
    </ClCompile>
    <ClCompile Include="PenteBar.cpp">
      <Filter>Source Files</Filter>
    </ClCompile>
    <ClCompile Include="PenteBoard.cpp">
      <Filter>Source Files</Filter>
    </ClCompile>
    <ClCompile Include="pentedoc.cpp">
      <Filter>Source Files</Filter>
    </ClCompile>
    <ClCompile Include="pentevw.cpp">
      <Filter>Source Files</Filter>
    </ClCompile>
    <ClCompile Include="PieceBitmap.cpp">
      <Filter>Source Files</Filter>
    </ClCompile>
    <ClCompile Include="player.cpp">
      <Filter>Source Files</Filter>
    </ClCompile>
    <ClCompile Include="playrone.cpp">
      <Filter>Source Files</Filter>
    </ClCompile>
    <ClCompile Include="playrtwo.cpp">
      <Filter>Source Files</Filter>
    </ClCompile>
    <ClCompile Include="RecolorableBitmap.cpp">
      <Filter>Source Files</Filter>
    </ClCompile>
    <ClCompile Include="SettingsSheet.cpp">
      <Filter>Source Files</Filter>
    </ClCompile>
    <ClCompile Include="StdAfx.cpp">
      <Filter>Source Files</Filter>
    </ClCompile>
    <ClCompile Include="StringTokenizer.cpp">
      <Filter>Source Files</Filter>
    </ClCompile>
    <ClCompile Include="TransparentBitmap.cpp">
      <Filter>Source Files</Filter>
    </ClCompile>
  </ItemGroup>
  <ItemGroup>
    <ResourceCompile Include="pente.rc">
      <Filter>Source Files</Filter>
    </ResourceCompile>
  </ItemGroup>
  <ItemGroup>
    <ClInclude Include="CaptureBitmap.h">
      <Filter>Header Files</Filter>
    </ClInclude>
    <ClInclude Include="ColorButton.h">
      <Filter>Header Files</Filter>
    </ClInclude>
    <ClInclude Include="ColorChooserDlg.h">
      <Filter>Header Files</Filter>
    </ClInclude>
    <ClInclude Include="ColorChooserWnd.h">
      <Filter>Header Files</Filter>
    </ClInclude>
    <ClInclude Include="ColorsPage.h">
      <Filter>Header Files</Filter>
    </ClInclude>
    <ClInclude Include="computer.h">
      <Filter>Header Files</Filter>
    </ClInclude>
    <ClInclude Include="game.h">
      <Filter>Header Files</Filter>
    </ClInclude>
    <ClInclude Include="globals.h">
      <Filter>Header Files</Filter>
    </ClInclude>
    <ClInclude Include="gripbar.h">
      <Filter>Header Files</Filter>
    </ClInclude>
    <ClInclude Include="MainFrm.h">
      <Filter>Header Files</Filter>
    </ClInclude>
    <ClInclude Include="OptionsPage.h">
      <Filter>Header Files</Filter>
    </ClInclude>
    <ClInclude Include="Palette256.h">
      <Filter>Header Files</Filter>
    </ClInclude>
    <ClInclude Include="pente.h">
      <Filter>Header Files</Filter>
    </ClInclude>
    <ClInclude Include="PenteBar.h">
      <Filter>Header Files</Filter>
    </ClInclude>
    <ClInclude Include="PenteBoard.h">
      <Filter>Header Files</Filter>
    </ClInclude>
    <ClInclude Include="pentedoc.h">
      <Filter>Header Files</Filter>
    </ClInclude>
    <ClInclude Include="pentevw.h">
      <Filter>Header Files</Filter>
    </ClInclude>
    <ClInclude Include="PieceBitmap.h">
      <Filter>Header Files</Filter>
    </ClInclude>
    <ClInclude Include="player.h">
      <Filter>Header Files</Filter>
    </ClInclude>
    <ClInclude Include="playrone.h">
      <Filter>Header Files</Filter>
    </ClInclude>
    <ClInclude Include="playrtwo.h">
      <Filter>Header Files</Filter>
    </ClInclude>
    <ClInclude Include="RecolorableBitmap.h">
      <Filter>Header Files</Filter>
    </ClInclude>
    <ClInclude Include="Resource.h">
      <Filter>Header Files</Filter>
    </ClInclude>
    <ClInclude Include="SettingsSheet.h">
      <Filter>Header Files</Filter>
    </ClInclude>
    <ClInclude Include="StdAfx.h">
      <Filter>Header Files</Filter>
    </ClInclude>
    <ClInclude Include="StringTokenizer.h">
      <Filter>Header Files</Filter>
    </ClInclude>
    <ClInclude Include="targetver.h">
      <Filter>Header Files</Filter>
    </ClInclude>
    <ClInclude Include="TransparentBitmap.h">
      <Filter>Header Files</Filter>
    </ClInclude>
  </ItemGroup>
  <ItemGroup>
    <None Include="res\capture.bmp">
      <Filter>Resource Files</Filter>
    </None>
    <None Include="res\default.pal">
      <Filter>Resource Files</Filter>
    </None>
    <None Include="res\document.ico">
      <Filter>Resource Files</Filter>
    </None>
    <None Include="res\idr_main.ico">
      <Filter>Resource Files</Filter>
    </None>
    <None Include="res\pente.rc2">
      <Filter>Resource Files</Filter>
    </None>
    <None Include="res\piece.bmp">
      <Filter>Resource Files</Filter>
    </None>
    <None Include="res\Toolbar.bmp">
      <Filter>Resource Files</Filter>
    </None>
    <None Include="TODO.txt" />
  </ItemGroup>
</Project>