<?xml version="1.0" encoding="utf-8"?>
<Project ToolsVersion="4.0" xmlns="http://schemas.microsoft.com/developer/msbuild/2003">
  <ItemGroup>
    <Filter Include="Source Files">
      <UniqueIdentifier>{b02ca240-3d33-45bc-87e7-fde2221b3d07}</UniqueIdentifier>
      <Extensions>cpp;c;cxx;rc;def;r;odl;idl;hpj;bat</Extensions>
    </Filter>
    <Filter Include="Header Files">
      <UniqueIdentifier>{88197c00-076c-452a-8e95-ef0ff5c1419d}</UniqueIdentifier>
      <Extensions>h;hpp;hxx;hm;inl</Extensions>
    </Filter>
    <Filter Include="Resource Files">
      <UniqueIdentifier>{ba7f084f-1c4e-47ed-a5a4-36dfe01f8054}</UniqueIdentifier>
      <Extensions>ico;cur;bmp;dlg;rc2;rct;bin;rgs;gif;jpg;jpeg;jpe</Extensions>
    </Filter>
  </ItemGroup>
  <ItemGroup>
    <ClCompile Include="editapp.cpp">
      <Filter>Source Files</Filter>
    </ClCompile>
    <ClCompile Include="editfram.cpp">
      <Filter>Source Files</Filter>
    </ClCompile>
    <ClCompile Include="framewnd.cpp">
      <Filter>Source Files</Filter>
    </ClCompile>
    <ClCompile Include="winapp.cpp">
      <Filter>Source Files</Filter>
    </ClCompile>
    <ClCompile Include="window.cpp">
      <Filter>Source Files</Filter>
    </ClCompile>
  </ItemGroup>
  <ItemGroup>
    <ClInclude Include="common.h">
      <Filter>Header Files</Filter>
    </ClInclude>
    <ClInclude Include="editapp.h">
      <Filter>Header Files</Filter>
    </ClInclude>
    <ClInclude Include="editfram.h">
      <Filter>Header Files</Filter>
    </ClInclude>
    <ClInclude Include="winapp.h">
      <Filter>Header Files</Filter>
    </ClInclude>
    <ClInclude Include="window.h">
      <Filter>Header Files</Filter>
    </ClInclude>
  </ItemGroup>
</Project>