Microsoft Visual Studio Solution File, Format Version 8.00
Project("{8BC9CEB8-8B4A-11D0-8D11-00A0C91BC942}") = "getstring", "getstring.vcproj", "{6A754B39-8C52-4FCD-8757-F2CCD895AB3F}"
	ProjectSection(ProjectDependencies) = postProject
	EndProjectSection
EndProject
Global
	GlobalSection(SourceCodeControl) = preSolution
		SccNumberOfProjects = 2
		SccProjectName0 = \u0022$/Source/c++/GETSTRING\u0022,\u0020NOCAAAAA
		SccLocalPath0 = .
		SccProvider0 = MSSCCI:Microsoft\u0020Visual\u0020SourceSafe
		CanCheckoutShared = false
		SolutionUniqueID = {048BBED3-1A25-4119-9D58-32EFC30D8D14}
		SccProjectUniqueName1 = getstring.vcproj
		SccLocalPath1 = .
		CanCheckoutShared = false
	EndGlobalSection
	GlobalSection(SolutionConfiguration) = preSolution
		Debug = Debug
		Release = Release
	EndGlobalSection
	GlobalSection(ProjectConfiguration) = postSolution
		{6A754B39-8C52-4FCD-8757-F2CCD895AB3F}.Debug.ActiveCfg = Debug|Win32
		{6A754B39-8C52-4FCD-8757-F2CCD895AB3F}.Debug.Build.0 = Debug|Win32
		{6A754B39-8C52-4FCD-8757-F2CCD895AB3F}.Release.ActiveCfg = Release|Win32
		{6A754B39-8C52-4FCD-8757-F2CCD895AB3F}.Release.Build.0 = Release|Win32
	EndGlobalSection
	GlobalSection(ExtensibilityGlobals) = postSolution
	EndGlobalSection
	GlobalSection(ExtensibilityAddIns) = postSolution
	EndGlobalSection
EndGlobal
