<?xml version="1.0" encoding="utf-8"?>
<Project ToolsVersion="4.0" xmlns="http://schemas.microsoft.com/developer/msbuild/2003">
  <ItemGroup>
    <Filter Include="Source Files">
      <UniqueIdentifier>{4FC737F1-C7A5-4376-A066-2A32D752A2FF}</UniqueIdentifier>
      <Extensions>cpp;c;cc;cxx;def;odl;idl;hpj;bat;asm;asmx</Extensions>
    </Filter>
    <Filter Include="Header Files">
      <UniqueIdentifier>{93995380-89BD-4b04-88EB-625FBE52EBFB}</UniqueIdentifier>
      <Extensions>h;hpp;hxx;hm;inl;inc;xsd</Extensions>
    </Filter>
    <Filter Include="Resource Files">
      <UniqueIdentifier>{67DA6AB6-F800-4c08-8B7A-83BB121AAD01}</UniqueIdentifier>
      <Extensions>rc;ico;cur;bmp;dlg;rc2;rct;bin;rgs;gif;jpg;jpeg;jpe;resx;tiff;tif;png;wav</Extensions>
    </Filter>
    <Filter Include="Reg Files">
      <UniqueIdentifier>{e70bd7a0-3371-48c2-b348-5310e0554bb2}</UniqueIdentifier>
      <Extensions>*.reg</Extensions>
    </Filter>
  </ItemGroup>
  <ItemGroup>
    <ClCompile Include="BinaryFileView.cpp">
      <Filter>Source Files</Filter>
    </ClCompile>
    <ClCompile Include="ChildFrm.cpp">
      <Filter>Source Files</Filter>
    </ClCompile>
    <ClCompile Include="DiskPropPage.cpp">
      <Filter>Source Files</Filter>
    </ClCompile>
    <ClCompile Include="DiskPropSheet.cpp">
      <Filter>Source Files</Filter>
    </ClCompile>
    <ClCompile Include="EntryPropertyPage.cpp">
      <Filter>Source Files</Filter>
    </ClCompile>
    <ClCompile Include="EntryPropertySheet.cpp">
      <Filter>Source Files</Filter>
    </ClCompile>
    <ClCompile Include="FileViewFrame.cpp">
      <Filter>Source Files</Filter>
    </ClCompile>
    <ClCompile Include="HexView.cpp">
      <Filter>Source Files</Filter>
    </ClCompile>
    <ClCompile Include="LeftView.cpp">
      <Filter>Source Files</Filter>
    </ClCompile>
    <ClCompile Include="MainFrm.cpp">
      <Filter>Source Files</Filter>
    </ClCompile>
    <ClCompile Include="NewVolume.cpp">
      <Filter>Source Files</Filter>
    </ClCompile>
    <ClCompile Include="stdafx.cpp">
      <Filter>Source Files</Filter>
    </ClCompile>
    <ClCompile Include="TextFileView.cpp">
      <Filter>Source Files</Filter>
    </ClCompile>
    <ClCompile Include="TextView.cpp">
      <Filter>Source Files</Filter>
    </ClCompile>
    <ClCompile Include="VolPropPage.cpp">
      <Filter>Source Files</Filter>
    </ClCompile>
    <ClCompile Include="WaitDlg.cpp">
      <Filter>Source Files</Filter>
    </ClCompile>
    <ClCompile Include="WarningFrame.cpp">
      <Filter>Source Files</Filter>
    </ClCompile>
    <ClCompile Include="WinADF.cpp">
      <Filter>Source Files</Filter>
    </ClCompile>
    <ClCompile Include="WinADFDoc.cpp">
      <Filter>Source Files</Filter>
    </ClCompile>
    <ClCompile Include="WinADFView.cpp">
      <Filter>Source Files</Filter>
    </ClCompile>
  </ItemGroup>
  <ItemGroup>
    <ClInclude Include="BinaryFileView.h">
      <Filter>Header Files</Filter>
    </ClInclude>
    <ClInclude Include="ChildFrm.h">
      <Filter>Header Files</Filter>
    </ClInclude>
    <ClInclude Include="DiskPropPage.h">
      <Filter>Header Files</Filter>
    </ClInclude>
    <ClInclude Include="DiskPropSheet.h">
      <Filter>Header Files</Filter>
    </ClInclude>
    <ClInclude Include="EntryPropertyPage.h">
      <Filter>Header Files</Filter>
    </ClInclude>
    <ClInclude Include="EntryPropertySheet.h">
      <Filter>Header Files</Filter>
    </ClInclude>
    <ClInclude Include="FileViewFrame.h">
      <Filter>Header Files</Filter>
    </ClInclude>
    <ClInclude Include="HexView.h">
      <Filter>Header Files</Filter>
    </ClInclude>
    <ClInclude Include="LeftView.h">
      <Filter>Header Files</Filter>
    </ClInclude>
    <ClInclude Include="MainFrm.h">
      <Filter>Header Files</Filter>
    </ClInclude>
    <ClInclude Include="NewVolume.h">
      <Filter>Header Files</Filter>
    </ClInclude>
    <ClInclude Include="Resource.h">
      <Filter>Header Files</Filter>
    </ClInclude>
    <ClInclude Include="stdafx.h">
      <Filter>Header Files</Filter>
    </ClInclude>
    <ClInclude Include="targetver.h">
      <Filter>Header Files</Filter>
    </ClInclude>
    <ClInclude Include="TextFileView.h">
      <Filter>Header Files</Filter>
    </ClInclude>
    <ClInclude Include="TextView.h">
      <Filter>Header Files</Filter>
    </ClInclude>
    <ClInclude Include="VolPropPage.h">
      <Filter>Header Files</Filter>
    </ClInclude>
    <ClInclude Include="WaitDlg.h">
      <Filter>Header Files</Filter>
    </ClInclude>
    <ClInclude Include="WarningFrame.h">
      <Filter>Header Files</Filter>
    </ClInclude>
    <ClInclude Include="WinADF.h">
      <Filter>Header Files</Filter>
    </ClInclude>
    <ClInclude Include="WinADFDoc.h">
      <Filter>Header Files</Filter>
    </ClInclude>
    <ClInclude Include="WinADFView.h">
      <Filter>Header Files</Filter>
    </ClInclude>
  </ItemGroup>
  <ItemGroup>
    <None Include="res\bootbloc.bin">
      <Filter>Resource Files</Filter>
    </None>
    <None Include="res\cursor1.cur">
      <Filter>Resource Files</Filter>
    </None>
    <None Include="res\drag.cur">
      <Filter>Resource Files</Filter>
    </None>
    <None Include="res\stdboot3.bbk">
      <Filter>Resource Files</Filter>
    </None>
    <None Include="res\WinADF.rc2">
      <Filter>Resource Files</Filter>
    </None>
    <None Include="WinADF.reg">
      <Filter>Reg Files</Filter>
    </None>
  </ItemGroup>
  <ItemGroup>
    <Image Include="res\closed.ico">
      <Filter>Resource Files</Filter>
    </Image>
    <Image Include="res\doc.ico">
      <Filter>Resource Files</Filter>
    </Image>
    <Image Include="res\drive.ico">
      <Filter>Resource Files</Filter>
    </Image>
    <Image Include="res\file.ico">
      <Filter>Resource Files</Filter>
    </Image>
    <Image Include="res\floppy.ico">
      <Filter>Resource Files</Filter>
    </Image>
    <Image Include="res\folder.ico">
      <Filter>Resource Files</Filter>
    </Image>
    <Image Include="res\main.ico">
      <Filter>Resource Files</Filter>
    </Image>
    <Image Include="res\open.ico">
      <Filter>Resource Files</Filter>
    </Image>
    <Image Include="res\Toolbar.bmp">
      <Filter>Resource Files</Filter>
    </Image>
  </ItemGroup>
  <ItemGroup>
    <ResourceCompile Include="WinADF.rc">
      <Filter>Resource Files</Filter>
    </ResourceCompile>
  </ItemGroup>
  <ItemGroup>
    <Text Include="TODO.txt" />
  </ItemGroup>
</Project>