
Microsoft Visual Studio Solution File, Format Version 10.00
# Visual Studio 2008
Project("{8BC9CEB8-8B4A-11D0-8D11-00A0C91BC942}") = "WinADF", "WinADF.vcproj", "{B0599F7A-0F74-441E-9A23-40B523A6361D}"
	ProjectSection(ProjectDependencies) = postProject
		{ECE4D6C0-0634-4C7F-9C68-BA992CDF3742} = {ECE4D6C0-0634-4C7F-9C68-BA992CDF3742}
	EndProjectSection
EndProject
Project("{8BC9CEB8-8B4A-11D0-8D11-00A0C91BC942}") = "ME", "..\libadf\libadf.vcproj", "{ECE4D6C0-0634-4C7F-9C68-BA992CDF3742}"
EndProject
Global
	GlobalSection(SolutionConfigurationPlatforms) = preSolution
		Debug|Win32 = Debug|Win32
		Release|Win32 = Release|Win32
	EndGlobalSection
	GlobalSection(ProjectConfigurationPlatforms) = postSolution
		{B0599F7A-0F74-441E-9A23-40B523A6361D}.Debug|Win32.ActiveCfg = Debug|Win32
		{B0599F7A-0F74-441E-9A23-40B523A6361D}.Debug|Win32.Build.0 = Debug|Win32
		{B0599F7A-0F74-441E-9A23-40B523A6361D}.Release|Win32.ActiveCfg = Release|Win32
		{B0599F7A-0F74-441E-9A23-40B523A6361D}.Release|Win32.Build.0 = Release|Win32
		{ECE4D6C0-0634-4C7F-9C68-BA992CDF3742}.Debug|Win32.ActiveCfg = Debug|Win32
		{ECE4D6C0-0634-4C7F-9C68-BA992CDF3742}.Debug|Win32.Build.0 = Debug|Win32
		{ECE4D6C0-0634-4C7F-9C68-BA992CDF3742}.Release|Win32.ActiveCfg = Release|Win32
		{ECE4D6C0-0634-4C7F-9C68-BA992CDF3742}.Release|Win32.Build.0 = Release|Win32
	EndGlobalSection
	GlobalSection(SolutionProperties) = preSolution
		HideSolutionNode = FALSE
	EndGlobalSection
EndGlobal
