
Microsoft Visual Studio Solution File, Format Version 9.00
# Visual C++ Express 2005
Project("{8BC9CEB8-8B4A-11D0-8D11-00A0C91BC942}") = "PxAsm", "PxAsm.vcproj", "{7000E879-FEDC-4BE5-98B3-3EEE21B8C78F}"
EndProject
Global
	GlobalSection(SolutionConfigurationPlatforms) = preSolution
		Debug|Win32 = Debug|Win32
		Release|Win32 = Release|Win32
	EndGlobalSection
	GlobalSection(ProjectConfigurationPlatforms) = postSolution
		{7000E879-FEDC-4BE5-98B3-3EEE21B8C78F}.Debug|Win32.ActiveCfg = Debug|Win32
		{7000E879-FEDC-4BE5-98B3-3EEE21B8C78F}.Debug|Win32.Build.0 = Debug|Win32
		{7000E879-FEDC-4BE5-98B3-3EEE21B8C78F}.Release|Win32.ActiveCfg = Release|Win32
		{7000E879-FEDC-4BE5-98B3-3EEE21B8C78F}.Release|Win32.Build.0 = Release|Win32
	EndGlobalSection
	GlobalSection(SolutionProperties) = preSolution
		HideSolutionNode = FALSE
	EndGlobalSection
EndGlobal
