Microsoft Visual Studio Solution File, Format Version 8.00
Project("{8BC9CEB8-8B4A-11D0-8D11-00A0C91BC942}") = "fishing", "fishing.vcproj", "{ADBFF3EA-8E93-4E26-9075-573428B2A42A}"
	ProjectSection(ProjectDependencies) = postProject
	EndProjectSection
EndProject
Global
	GlobalSection(SourceCodeControl) = preSolution
		SccNumberOfProjects = 2
		SccProjectName0 = \u0022$/Source/c++/FISHING\u0022,\u0020ZNCAAAAA
		SccLocalPath0 = .
		SccProvider0 = MSSCCI:Microsoft\u0020Visual\u0020SourceSafe
		CanCheckoutShared = false
		SolutionUniqueID = {8AAB1DF1-CCE4-4CDD-A30B-40EC8DAF2EB5}
		SccProjectUniqueName1 = fishing.vcproj
		SccLocalPath1 = .
		CanCheckoutShared = false
	EndGlobalSection
	GlobalSection(SolutionConfiguration) = preSolution
		Debug = Debug
		Release = Release
	EndGlobalSection
	GlobalSection(ProjectConfiguration) = postSolution
		{ADBFF3EA-8E93-4E26-9075-573428B2A42A}.Debug.ActiveCfg = Debug|Win32
		{ADBFF3EA-8E93-4E26-9075-573428B2A42A}.Debug.Build.0 = Debug|Win32
		{ADBFF3EA-8E93-4E26-9075-573428B2A42A}.Release.ActiveCfg = Release|Win32
		{ADBFF3EA-8E93-4E26-9075-573428B2A42A}.Release.Build.0 = Release|Win32
	EndGlobalSection
	GlobalSection(ExtensibilityGlobals) = postSolution
	EndGlobalSection
	GlobalSection(ExtensibilityAddIns) = postSolution
	EndGlobalSection
EndGlobal
