Microsoft Visual Studio Solution File, Format Version 12.00
# Visual Studio 2012
Project("{8BC9CEB8-8B4A-11D0-8D11-00A0C91BC942}") = "DocViewTest", "DocViewTest.vcxproj", "{0ED1FBEC-6904-402B-83CD-8B131EB7CCBD}"
EndProject
Global
	GlobalSection(SolutionConfigurationPlatforms) = preSolution
		Debug|Win32 = Debug|Win32
		Release|Win32 = Release|Win32
	EndGlobalSection
	GlobalSection(ProjectConfigurationPlatforms) = postSolution
		{0ED1FBEC-6904-402B-83CD-8B131EB7CCBD}.Debug|Win32.ActiveCfg = Debug|Win32
		{0ED1FBEC-6904-402B-83CD-8B131EB7CCBD}.Debug|Win32.Build.0 = Debug|Win32
		{0ED1FBEC-6904-402B-83CD-8B131EB7CCBD}.Release|Win32.ActiveCfg = Release|Win32
		{0ED1FBEC-6904-402B-83CD-8B131EB7CCBD}.Release|Win32.Build.0 = Release|Win32
	EndGlobalSection
	GlobalSection(SolutionProperties) = preSolution
		HideSolutionNode = FALSE
	EndGlobalSection
EndGlobal
