Microsoft Visual Studio Solution File, Format Version 8.00
Project("{8BC9CEB8-8B4A-11D0-8D11-00A0C91BC942}") = "DocViewTest", "DocViewTest.vcproj", "{0ED1FBEC-6904-402B-83CD-8B131EB7CCBD}"
	ProjectSection(ProjectDependencies) = postProject
	EndProjectSection
EndProject
Global
	GlobalSection(SourceCodeControl) = preSolution
		SccNumberOfProjects = 2
		SccProjectName0 = \u0022$/Source/c++/DOCVIEWTEST\u0022,\u0020MGCAAAAA
		SccLocalPath0 = .
		SccProvider0 = MSSCCI:Microsoft\u0020Visual\u0020SourceSafe
		CanCheckoutShared = false
		SolutionUniqueID = {5EAC3A33-994D-4AA8-B482-B9F2627C1562}
		SccProjectUniqueName1 = DocViewTest.vcproj
		SccLocalPath1 = .
		CanCheckoutShared = false
	EndGlobalSection
	GlobalSection(SolutionConfiguration) = preSolution
		Debug = Debug
		Release = Release
	EndGlobalSection
	GlobalSection(ProjectConfiguration) = postSolution
		{0ED1FBEC-6904-402B-83CD-8B131EB7CCBD}.Debug.ActiveCfg = Debug|Win32
		{0ED1FBEC-6904-402B-83CD-8B131EB7CCBD}.Debug.Build.0 = Debug|Win32
		{0ED1FBEC-6904-402B-83CD-8B131EB7CCBD}.Release.ActiveCfg = Release|Win32
		{0ED1FBEC-6904-402B-83CD-8B131EB7CCBD}.Release.Build.0 = Release|Win32
	EndGlobalSection
	GlobalSection(ExtensibilityGlobals) = postSolution
	EndGlobalSection
	GlobalSection(ExtensibilityAddIns) = postSolution
	EndGlobalSection
EndGlobal
