<?xml version="1.0" encoding="utf-8"?>
<Project ToolsVersion="4.0" xmlns="http://schemas.microsoft.com/developer/msbuild/2003">
  <ItemGroup>
    <ResourceCompile Include="TFinger.rc" />
  </ItemGroup>
  <ItemGroup>
    <None Include="res\TFinger.rc2" />
    <None Include="TFinger.reg" />
  </ItemGroup>
  <ItemGroup>
    <Filter Include="Source Files">
      <UniqueIdentifier>{87bb538e-846a-4a92-a018-b05e4002a066}</UniqueIdentifier>
      <Extensions>*.cpp</Extensions>
    </Filter>
    <Filter Include="Header Files">
      <UniqueIdentifier>{603de1eb-c028-48c8-9971-a1b81e2d9735}</UniqueIdentifier>
      <Extensions>*.h</Extensions>
    </Filter>
  </ItemGroup>
  <ItemGroup>
    <ClCompile Include="GaborFilter.cpp">
      <Filter>Source Files</Filter>
    </ClCompile>
    <ClCompile Include="GaussianFilter.cpp">
      <Filter>Source Files</Filter>
    </ClCompile>
    <ClCompile Include="GreyscaleBitmap.cpp">
      <Filter>Source Files</Filter>
    </ClCompile>
    <ClCompile Include="ImageBinarizer.cpp">
      <Filter>Source Files</Filter>
    </ClCompile>
    <ClCompile Include="ImageDilater.cpp">
      <Filter>Source Files</Filter>
    </ClCompile>
    <ClCompile Include="ImageEroder.cpp">
      <Filter>Source Files</Filter>
    </ClCompile>
    <ClCompile Include="ImageNormalizer.cpp">
      <Filter>Source Files</Filter>
    </ClCompile>
    <ClCompile Include="ImageSegmenter.cpp">
      <Filter>Source Files</Filter>
    </ClCompile>
    <ClCompile Include="ImageSkeletonizer.cpp">
      <Filter>Source Files</Filter>
    </ClCompile>
    <ClCompile Include="ImageUtil.cpp">
      <Filter>Source Files</Filter>
    </ClCompile>
    <ClCompile Include="Kernel.cpp">
      <Filter>Source Files</Filter>
    </ClCompile>
    <ClCompile Include="MainFrm.cpp">
      <Filter>Source Files</Filter>
    </ClCompile>
    <ClCompile Include="Matrix.cpp">
      <Filter>Source Files</Filter>
    </ClCompile>
    <ClCompile Include="MeanFilter.cpp">
      <Filter>Source Files</Filter>
    </ClCompile>
    <ClCompile Include="Minutia.cpp">
      <Filter>Source Files</Filter>
    </ClCompile>
    <ClCompile Include="MinutiaExtractor.cpp">
      <Filter>Source Files</Filter>
    </ClCompile>
    <ClCompile Include="MinutiaValidator.cpp">
      <Filter>Source Files</Filter>
    </ClCompile>
    <ClCompile Include="MorphologicalOperator.cpp">
      <Filter>Source Files</Filter>
    </ClCompile>
    <ClCompile Include="Sobel.cpp">
      <Filter>Source Files</Filter>
    </ClCompile>
    <ClCompile Include="stdafx.cpp">
      <Filter>Source Files</Filter>
    </ClCompile>
    <ClCompile Include="TFinger.cpp">
      <Filter>Source Files</Filter>
    </ClCompile>
    <ClCompile Include="TFingerDoc.cpp">
      <Filter>Source Files</Filter>
    </ClCompile>
    <ClCompile Include="TFingerView.cpp">
      <Filter>Source Files</Filter>
    </ClCompile>
  </ItemGroup>
  <ItemGroup>
    <ClInclude Include="GaborFilter.h">
      <Filter>Header Files</Filter>
    </ClInclude>
    <ClInclude Include="GaussianFilter.h">
      <Filter>Header Files</Filter>
    </ClInclude>
    <ClInclude Include="GreyscaleBitmap.h">
      <Filter>Header Files</Filter>
    </ClInclude>
    <ClInclude Include="ImageBinarizer.h">
      <Filter>Header Files</Filter>
    </ClInclude>
    <ClInclude Include="ImageDilater.h">
      <Filter>Header Files</Filter>
    </ClInclude>
    <ClInclude Include="ImageEroder.h">
      <Filter>Header Files</Filter>
    </ClInclude>
    <ClInclude Include="ImageNormalizer.h">
      <Filter>Header Files</Filter>
    </ClInclude>
    <ClInclude Include="ImageSegmenter.h">
      <Filter>Header Files</Filter>
    </ClInclude>
    <ClInclude Include="ImageSkeletonizer.h">
      <Filter>Header Files</Filter>
    </ClInclude>
    <ClInclude Include="ImageUtil.h">
      <Filter>Header Files</Filter>
    </ClInclude>
    <ClInclude Include="Kernel.h">
      <Filter>Header Files</Filter>
    </ClInclude>
    <ClInclude Include="MainFrm.h">
      <Filter>Header Files</Filter>
    </ClInclude>
    <ClInclude Include="Matrix.h">
      <Filter>Header Files</Filter>
    </ClInclude>
    <ClInclude Include="MeanFilter.h">
      <Filter>Header Files</Filter>
    </ClInclude>
    <ClInclude Include="Minutia.h">
      <Filter>Header Files</Filter>
    </ClInclude>
    <ClInclude Include="MinutiaExtractor.h">
      <Filter>Header Files</Filter>
    </ClInclude>
    <ClInclude Include="MinutiaValidator.h">
      <Filter>Header Files</Filter>
    </ClInclude>
    <ClInclude Include="MorphologicalOperator.h">
      <Filter>Header Files</Filter>
    </ClInclude>
    <ClInclude Include="resource.h">
      <Filter>Header Files</Filter>
    </ClInclude>
    <ClInclude Include="Sobel.h">
      <Filter>Header Files</Filter>
    </ClInclude>
    <ClInclude Include="stdafx.h">
      <Filter>Header Files</Filter>
    </ClInclude>
    <ClInclude Include="targetver.h">
      <Filter>Header Files</Filter>
    </ClInclude>
    <ClInclude Include="TFinger.h">
      <Filter>Header Files</Filter>
    </ClInclude>
  </ItemGroup>
</Project>