<?xml version="1.0" encoding="utf-8"?>
<Project ToolsVersion="4.0" xmlns="http://schemas.microsoft.com/developer/msbuild/2003">
  <ItemGroup>
    <Filter Include="Source Files">
      <UniqueIdentifier>{3b3e5909-668f-470a-a706-dcf7885ff74a}</UniqueIdentifier>
      <Extensions>cpp;c;cxx;rc;def;r;odl;idl;hpj;bat</Extensions>
    </Filter>
    <Filter Include="Header Files">
      <UniqueIdentifier>{e48a1332-a65c-4788-b377-30428ffc6c2c}</UniqueIdentifier>
      <Extensions>h;hpp;hxx;hm;inl</Extensions>
    </Filter>
    <Filter Include="Resource Files">
      <UniqueIdentifier>{bdf18307-10a7-4b44-ab9d-6ba4a90a6cc2}</UniqueIdentifier>
      <Extensions>ico;cur;bmp;dlg;rc2;rct;bin;rgs;gif;jpg;jpeg;jpe</Extensions>
    </Filter>
  </ItemGroup>
  <ItemGroup>
    <ClCompile Include="ear.cpp">
      <Filter>Source Files</Filter>
    </ClCompile>
    <ClCompile Include="earDlg.cpp">
      <Filter>Source Files</Filter>
    </ClCompile>
    <ClCompile Include="midibuff.cpp">
      <Filter>Source Files</Filter>
    </ClCompile>
    <ClCompile Include="mididev.cpp">
      <Filter>Source Files</Filter>
    </ClCompile>
    <ClCompile Include="mididevs.cpp">
      <Filter>Source Files</Filter>
    </ClCompile>
    <ClCompile Include="midimessage.cpp">
      <Filter>Source Files</Filter>
    </ClCompile>
    <ClCompile Include="midiout.cpp">
      <Filter>Source Files</Filter>
    </ClCompile>
    <ClCompile Include="midistream.cpp">
      <Filter>Source Files</Filter>
    </ClCompile>
    <ClCompile Include="miditime.cpp">
      <Filter>Source Files</Filter>
    </ClCompile>
    <ClCompile Include="outputdev.cpp">
      <Filter>Source Files</Filter>
    </ClCompile>
    <ClCompile Include="outputdevs.cpp">
      <Filter>Source Files</Filter>
    </ClCompile>
    <ClCompile Include="SettingsDlg.cpp">
      <Filter>Source Files</Filter>
    </ClCompile>
    <ClCompile Include="StdAfx.cpp">
      <Filter>Source Files</Filter>
    </ClCompile>
  </ItemGroup>
  <ItemGroup>
    <ResourceCompile Include="ear.rc">
      <Filter>Source Files</Filter>
    </ResourceCompile>
  </ItemGroup>
  <ItemGroup>
    <ClInclude Include="baseinc.h">
      <Filter>Header Files</Filter>
    </ClInclude>
    <ClInclude Include="common.h">
      <Filter>Header Files</Filter>
    </ClInclude>
    <ClInclude Include="ear.h">
      <Filter>Header Files</Filter>
    </ClInclude>
    <ClInclude Include="earDlg.h">
      <Filter>Header Files</Filter>
    </ClInclude>
    <ClInclude Include="interval.h">
      <Filter>Header Files</Filter>
    </ClInclude>
    <ClInclude Include="midibuff.h">
      <Filter>Header Files</Filter>
    </ClInclude>
    <ClInclude Include="midicommon.h">
      <Filter>Header Files</Filter>
    </ClInclude>
    <ClInclude Include="mididev.h">
      <Filter>Header Files</Filter>
    </ClInclude>
    <ClInclude Include="mididevs.h">
      <Filter>Header Files</Filter>
    </ClInclude>
    <ClInclude Include="midimessage.h">
      <Filter>Header Files</Filter>
    </ClInclude>
    <ClInclude Include="midiout.h">
      <Filter>Header Files</Filter>
    </ClInclude>
    <ClInclude Include="midistream.h">
      <Filter>Header Files</Filter>
    </ClInclude>
    <ClInclude Include="miditime.h">
      <Filter>Header Files</Filter>
    </ClInclude>
    <ClInclude Include="outputdev.h">
      <Filter>Header Files</Filter>
    </ClInclude>
    <ClInclude Include="outputdevs.h">
      <Filter>Header Files</Filter>
    </ClInclude>
    <ClInclude Include="Resource.h">
      <Filter>Header Files</Filter>
    </ClInclude>
    <ClInclude Include="SettingsDlg.h">
      <Filter>Header Files</Filter>
    </ClInclude>
    <ClInclude Include="StdAfx.h">
      <Filter>Header Files</Filter>
    </ClInclude>
  </ItemGroup>
  <ItemGroup>
    <Image Include="res\ear.ico">
      <Filter>Resource Files</Filter>
    </Image>
  </ItemGroup>
  <ItemGroup>
    <None Include="res\ear.rc2">
      <Filter>Resource Files</Filter>
    </None>
  </ItemGroup>
  <ItemGroup>
    <Text Include="res\instuments.txt">
      <Filter>Resource Files</Filter>
    </Text>
  </ItemGroup>
</Project>