<?xml version="1.0" encoding="utf-8"?>
<Project ToolsVersion="4.0" xmlns="http://schemas.microsoft.com/developer/msbuild/2003">
  <ItemGroup>
    <Filter Include="Source Files">
      <UniqueIdentifier>{c8a4f9d6-5032-40f3-9a97-ce56fcd7a68f}</UniqueIdentifier>
      <Extensions>cpp;c;cxx;rc;def;r;odl;idl;hpj;bat</Extensions>
    </Filter>
    <Filter Include="Grammar Files">
      <UniqueIdentifier>{ee6c1fe3-2320-4655-ba97-f1c4c164261f}</UniqueIdentifier>
    </Filter>
    <Filter Include="Header Files">
      <UniqueIdentifier>{ddd06f4e-95d0-4d60-8626-367726ed4e07}</UniqueIdentifier>
      <Extensions>h</Extensions>
    </Filter>
    <Filter Include="Scanner Files">
      <UniqueIdentifier>{9c330ee6-a67f-4524-b3b4-a4c98ee936d8}</UniqueIdentifier>
      <Extensions>l</Extensions>
    </Filter>
  </ItemGroup>
  <ItemGroup>
    <ClCompile Include="AssemCmd.cpp">
      <Filter>Source Files</Filter>
    </ClCompile>
    <ClCompile Include="Code.cpp">
      <Filter>Source Files</Filter>
    </ClCompile>
    <ClCompile Include="Common.cpp">
      <Filter>Source Files</Filter>
    </ClCompile>
    <ClCompile Include="CPU.cpp">
      <Filter>Source Files</Filter>
    </ClCompile>
    <ClCompile Include="DisassemCmd.cpp">
      <Filter>Source Files</Filter>
    </ClCompile>
    <ClCompile Include="DumpCmd.cpp">
      <Filter>Source Files</Filter>
    </ClCompile>
    <ClCompile Include="HelpCmd.cpp">
      <Filter>Source Files</Filter>
    </ClCompile>
    <ClCompile Include="interrupt.cpp">
      <Filter>Source Files</Filter>
    </ClCompile>
    <ClCompile Include="LineReader.cpp">
      <Filter>Source Files</Filter>
    </ClCompile>
    <ClCompile Include="LoadCmd.cpp">
      <Filter>Source Files</Filter>
    </ClCompile>
    <ClCompile Include="Machine.cpp">
      <Filter>Source Files</Filter>
    </ClCompile>
    <ClCompile Include="Main.cpp">
      <Filter>Source Files</Filter>
    </ClCompile>
    <ClCompile Include="Memory.cpp">
      <Filter>Source Files</Filter>
    </ClCompile>
    <ClCompile Include="MiniAssembler.cpp">
      <Filter>Source Files</Filter>
    </ClCompile>
    <ClCompile Include="MiniDisassembler.cpp">
      <Filter>Source Files</Filter>
    </ClCompile>
    <ClCompile Include="Monitor.cpp">
      <Filter>Source Files</Filter>
    </ClCompile>
    <ClCompile Include="Parser.cpp">
      <Filter>Source Files</Filter>
    </ClCompile>
    <ClCompile Include="QuitCmd.cpp">
      <Filter>Source Files</Filter>
    </ClCompile>
    <ClCompile Include="RegistersCmd.cpp">
      <Filter>Source Files</Filter>
    </ClCompile>
    <ClCompile Include="SaveCmd.cpp">
      <Filter>Source Files</Filter>
    </ClCompile>
    <ClCompile Include="Scanner.cpp">
      <Filter>Source Files</Filter>
    </ClCompile>
    <ClCompile Include="StepCmd.cpp">
      <Filter>Source Files</Filter>
    </ClCompile>
    <ClCompile Include="StepUntilCmd.cpp">
      <Filter>Source Files</Filter>
    </ClCompile>
    <ClCompile Include="SymbolTable.cpp">
      <Filter>Source Files</Filter>
    </ClCompile>
  </ItemGroup>
  <ItemGroup>
    <None Include="..\doc\TODO.txt" />
  </ItemGroup>
  <ItemGroup>
    <ClInclude Include="AssemCmd.h">
      <Filter>Header Files</Filter>
    </ClInclude>
    <ClInclude Include="Code.h">
      <Filter>Header Files</Filter>
    </ClInclude>
    <ClInclude Include="CPU.H">
      <Filter>Header Files</Filter>
    </ClInclude>
    <ClInclude Include="DisassemCmd.h">
      <Filter>Header Files</Filter>
    </ClInclude>
    <ClInclude Include="DumpCmd.h">
      <Filter>Header Files</Filter>
    </ClInclude>
    <ClInclude Include="Handler.h">
      <Filter>Header Files</Filter>
    </ClInclude>
    <ClInclude Include="HelpCmd.h">
      <Filter>Header Files</Filter>
    </ClInclude>
    <ClInclude Include="interrupt.h">
      <Filter>Header Files</Filter>
    </ClInclude>
    <ClInclude Include="LineReader.h">
      <Filter>Header Files</Filter>
    </ClInclude>
    <ClInclude Include="LoadCmd.h">
      <Filter>Header Files</Filter>
    </ClInclude>
    <ClInclude Include="Machine.h">
      <Filter>Header Files</Filter>
    </ClInclude>
    <ClInclude Include="Memory.h">
      <Filter>Header Files</Filter>
    </ClInclude>
    <ClInclude Include="MiniAssembler.h">
      <Filter>Header Files</Filter>
    </ClInclude>
    <ClInclude Include="MiniDisassembler.h">
      <Filter>Header Files</Filter>
    </ClInclude>
    <ClInclude Include="Monitor.h">
      <Filter>Header Files</Filter>
    </ClInclude>
    <ClInclude Include="Parser.hpp">
      <Filter>Header Files</Filter>
    </ClInclude>
    <ClInclude Include="QuitCmd.h">
      <Filter>Header Files</Filter>
    </ClInclude>
    <ClInclude Include="refobj.h">
      <Filter>Header Files</Filter>
    </ClInclude>
    <ClInclude Include="RegistersCmd.h">
      <Filter>Header Files</Filter>
    </ClInclude>
    <ClInclude Include="SaveCmd.h">
      <Filter>Header Files</Filter>
    </ClInclude>
    <ClInclude Include="StepCmd.h">
      <Filter>Header Files</Filter>
    </ClInclude>
    <ClInclude Include="StepUntilCmd.h">
      <Filter>Header Files</Filter>
    </ClInclude>
    <ClInclude Include="SymbolTable.h">
      <Filter>Header Files</Filter>
    </ClInclude>
    <ClInclude Include="trap.h">
      <Filter>Header Files</Filter>
    </ClInclude>
  </ItemGroup>
  <ItemGroup>
    <CustomBuild Include="grammar.y">
      <Filter>Grammar Files</Filter>
    </CustomBuild>
    <CustomBuild Include="scanner.l">
      <Filter>Scanner Files</Filter>
    </CustomBuild>
  </ItemGroup>
</Project>