
Microsoft Visual Studio Solution File, Format Version 12.00
# Visual Studio 2012
Project("{8BC9CEB8-8B4A-11D0-8D11-00A0C91BC942}") = "libadf", "libadf.vcxproj", "{ECE4D6C0-0634-4C7F-9C68-BA992CDF3742}"
EndProject
Global
	GlobalSection(SolutionConfigurationPlatforms) = preSolution
		Debug|Win32 = Debug|Win32
		Release|Win32 = Release|Win32
	EndGlobalSection
	GlobalSection(ProjectConfigurationPlatforms) = postSolution
		{ECE4D6C0-0634-4C7F-9C68-BA992CDF3742}.Debug|Win32.ActiveCfg = Debug|Win32
		{ECE4D6C0-0634-4C7F-9C68-BA992CDF3742}.Debug|Win32.Build.0 = Debug|Win32
		{ECE4D6C0-0634-4C7F-9C68-BA992CDF3742}.Release|Win32.ActiveCfg = Release|Win32
		{ECE4D6C0-0634-4C7F-9C68-BA992CDF3742}.Release|Win32.Build.0 = Release|Win32
	EndGlobalSection
	GlobalSection(SolutionProperties) = preSolution
		HideSolutionNode = FALSE
	EndGlobalSection
EndGlobal
