Microsoft Visual Studio Solution File, Format Version 12.00
# Visual Studio 2012
Project("{8BC9CEB8-8B4A-11D0-8D11-00A0C91BC942}") = "string", "string.vcxproj", "{C13D62EC-687F-40A2-9200-A730E2EB44E7}"
EndProject
Global
	GlobalSection(SolutionConfigurationPlatforms) = preSolution
		Debug|Win32 = Debug|Win32
		Release|Win32 = Release|Win32
	EndGlobalSection
	GlobalSection(ProjectConfigurationPlatforms) = postSolution
		{C13D62EC-687F-40A2-9200-A730E2EB44E7}.Debug|Win32.ActiveCfg = Debug|Win32
		{C13D62EC-687F-40A2-9200-A730E2EB44E7}.Debug|Win32.Build.0 = Debug|Win32
		{C13D62EC-687F-40A2-9200-A730E2EB44E7}.Release|Win32.ActiveCfg = Release|Win32
		{C13D62EC-687F-40A2-9200-A730E2EB44E7}.Release|Win32.Build.0 = Release|Win32
	EndGlobalSection
	GlobalSection(SolutionProperties) = preSolution
		HideSolutionNode = FALSE
	EndGlobalSection
EndGlobal
